
Microsoft Visual Studio Solution File, Format Version 12.00
# Visual Studio Version 17
VisualStudioVersion = 17.8.34219.65
MinimumVisualStudioVersion = 10.0.40219.1
Project("{9A19103F-16F7-4668-BE54-9A1E7A4F7556}") = "Biwen.AutoClassGen.Attributes", "Biwen.AutoClassGen.Attributes\Biwen.AutoClassGen.Attributes.csproj", "{ADBE9EC5-605D-44EC-92DE-EA81B15F2169}"
EndProject
Project("{9A19103F-16F7-4668-BE54-9A1E7A4F7556}") = "Biwen.AutoClassGen.TestConsole", "Biwen.AutoClassGen.TestConsole\Biwen.AutoClassGen.TestConsole.csproj", "{E4313B07-B5C5-4FE5-BF00-1429299EF2B8}"
EndProject
Project("{9A19103F-16F7-4668-BE54-9A1E7A4F7556}") = "Biwen.AutoClassGen", "Biwen.AutoClassGen.Gen\Biwen.AutoClassGen.csproj", "{EC2EEC4B-FB43-40B2-AFEC-7885E01C3A7C}"
EndProject
Project("{2150E333-8FDC-42A3-9474-1A3956D46DE8}") = "Docs", "Docs", "{02E9602B-EF18-4AB5-A4CB-88331BC04249}"
	ProjectSection(SolutionItems) = preProject
		Gen-AutoInject.md = Gen-AutoInject.md
		Gen-Decor.md = Gen-Decor.md
		Gen-Dto.md = Gen-Dto.md
		Gen-request.md = Gen-request.md
		Gen-Version.md = Gen-Version.md
		LICENSE.txt = LICENSE.txt
		README-zh.md = README-zh.md
		README.md = README.md
	EndProjectSection
EndProject
Project("{2150E333-8FDC-42A3-9474-1A3956D46DE8}") = "Solution Items", "Solution Items", "{4F28D936-8FAE-4684-A83C-2D957CEA0933}"
	ProjectSection(SolutionItems) = preProject
		.editorconfig = .editorconfig
	EndProjectSection
EndProject
Global
	GlobalSection(SolutionConfigurationPlatforms) = preSolution
		Debug|Any CPU = Debug|Any CPU
		Release|Any CPU = Release|Any CPU
	EndGlobalSection
	GlobalSection(ProjectConfigurationPlatforms) = postSolution
		{ADBE9EC5-605D-44EC-92DE-EA81B15F2169}.Debug|Any CPU.ActiveCfg = Debug|Any CPU
		{ADBE9EC5-605D-44EC-92DE-EA81B15F2169}.Debug|Any CPU.Build.0 = Debug|Any CPU
		{ADBE9EC5-605D-44EC-92DE-EA81B15F2169}.Release|Any CPU.ActiveCfg = Release|Any CPU
		{ADBE9EC5-605D-44EC-92DE-EA81B15F2169}.Release|Any CPU.Build.0 = Release|Any CPU
		{E4313B07-B5C5-4FE5-BF00-1429299EF2B8}.Debug|Any CPU.ActiveCfg = Debug|Any CPU
		{E4313B07-B5C5-4FE5-BF00-1429299EF2B8}.Debug|Any CPU.Build.0 = Debug|Any CPU
		{E4313B07-B5C5-4FE5-BF00-1429299EF2B8}.Release|Any CPU.ActiveCfg = Release|Any CPU
		{E4313B07-B5C5-4FE5-BF00-1429299EF2B8}.Release|Any CPU.Build.0 = Release|Any CPU
		{EC2EEC4B-FB43-40B2-AFEC-7885E01C3A7C}.Debug|Any CPU.ActiveCfg = Debug|Any CPU
		{EC2EEC4B-FB43-40B2-AFEC-7885E01C3A7C}.Debug|Any CPU.Build.0 = Debug|Any CPU
		{EC2EEC4B-FB43-40B2-AFEC-7885E01C3A7C}.Release|Any CPU.ActiveCfg = Release|Any CPU
		{EC2EEC4B-FB43-40B2-AFEC-7885E01C3A7C}.Release|Any CPU.Build.0 = Release|Any CPU
	EndGlobalSection
	GlobalSection(SolutionProperties) = preSolution
		HideSolutionNode = FALSE
	EndGlobalSection
	GlobalSection(ExtensibilityGlobals) = postSolution
		SolutionGuid = {F116E20A-3544-4AF0-90BA-3657B2B98CE6}
	EndGlobalSection
EndGlobal
